// !$*UTF8*$!
{
	archiveVersion = 1;
	classes = {
	};
	objectVersion = 56;
	objects = {

/* Begin PBXBuildFile section */
		F1FBA63B2BE05096009C33B1 /* SimpleIOSAppApp.swift in Sources */ = {isa = PBXBuildFile; fileRef = F1FBA63A2BE05096009C33B1 /* SimpleIOSAppApp.swift */; };
		F1FBA63D2BE05096009C33B1 /* ContentView.swift in Sources */ = {isa = PBXBuildFile; fileRef = F1FBA63C2BE05096009C33B1 /* ContentView.swift */; };
		F1FBA63F2BE05097009C33B1 /* Assets.xcassets in Resources */ = {isa = PBXBuildFile; fileRef = F1FBA63E2BE05097009C33B1 /* Assets.xcassets */; };
		F1FBA6422BE05097009C33B1 /* Preview Assets.xcassets in Resources */ = {isa = PBXBuildFile; fileRef = F1FBA6412BE05097009C33B1 /* Preview Assets.xcassets */; };
		F1FBA64C2BE05097009C33B1 /* SimpleIOSAppTests.swift in Sources */ = {isa = PBXBuildFile; fileRef = F1FBA64B2BE05097009C33B1 /* SimpleIOSAppTests.swift */; };
		F1FBA6562BE05097009C33B1 /* SimpleIOSAppUITests.swift in Sources */ = {isa = PBXBuildFile; fileRef = F1FBA6552BE05097009C33B1 /* SimpleIOSAppUITests.swift */; };
		F1FBA6582BE05097009C33B1 /* SimpleIOSAppUITestsLaunchTests.swift in Sources */ = {isa = PBXBuildFile; fileRef = F1FBA6572BE05097009C33B1 /* SimpleIOSAppUITestsLaunchTests.swift */; };
/* End PBXBuildFile section */

/* Begin PBXContainerItemProxy section */
		F1FBA6482BE05097009C33B1 /* PBXContainerItemProxy */ = {
			isa = PBXContainerItemProxy;
			containerPortal = F1FBA62F2BE05096009C33B1 /* Project object */;
			proxyType = 1;
			remoteGlobalIDString = F1FBA6362BE05096009C33B1;
			remoteInfo = SimpleIOSApp;
		};
		F1FBA6522BE05097009C33B1 /* PBXContainerItemProxy */ = {
			isa = PBXContainerItemProxy;
			containerPortal = F1FBA62F2BE05096009C33B1 /* Project object */;
			proxyType = 1;
			remoteGlobalIDString = F1FBA6362BE05096009C33B1;
			remoteInfo = SimpleIOSApp;
		};
/* End PBXContainerItemProxy section */

/* Begin PBXFileReference section */
		F1FBA6372BE05096009C33B1 /* SimpleIOSApp.app */ = {isa = PBXFileReference; explicitFileType = wrapper.application; includeInIndex = 0; path = SimpleIOSApp.app; sourceTree = BUILT_PRODUCTS_DIR; };
		F1FBA63A2BE05096009C33B1 /* SimpleIOSAppApp.swift */ = {isa = PBXFileReference; lastKnownFileType = sourcecode.swift; path = SimpleIOSAppApp.swift; sourceTree = "<group>"; };
		F1FBA63C2BE05096009C33B1 /* ContentView.swift */ = {isa = PBXFileReference; lastKnownFileType = sourcecode.swift; path = ContentView.swift; sourceTree = "<group>"; };
		F1FBA63E2BE05097009C33B1 /* Assets.xcassets */ = {isa = PBXFileReference; lastKnownFileType = folder.assetcatalog; path = Assets.xcassets; sourceTree = "<group>"; };
		F1FBA6412BE05097009C33B1 /* Preview Assets.xcassets */ = {isa = PBXFileReference; lastKnownFileType = folder.assetcatalog; path = "Preview Assets.xcassets"; sourceTree = "<group>"; };
		F1FBA6472BE05097009C33B1 /* SimpleIOSAppTests.xctest */ = {isa = PBXFileReference; explicitFileType = wrapper.cfbundle; includeInIndex = 0; path = SimpleIOSAppTests.xctest; sourceTree = BUILT_PRODUCTS_DIR; };
		F1FBA64B2BE05097009C33B1 /* SimpleIOSAppTests.swift */ = {isa = PBXFileReference; lastKnownFileType = sourcecode.swift; path = SimpleIOSAppTests.swift; sourceTree = "<group>"; };
		F1FBA6512BE05097009C33B1 /* SimpleIOSAppUITests.xctest */ = {isa = PBXFileReference; explicitFileType = wrapper.cfbundle; includeInIndex = 0; path = SimpleIOSAppUITests.xctest; sourceTree = BUILT_PRODUCTS_DIR; };
		F1FBA6552BE05097009C33B1 /* SimpleIOSAppUITests.swift */ = {isa = PBXFileReference; lastKnownFileType = sourcecode.swift; path = SimpleIOSAppUITests.swift; sourceTree = "<group>"; };
		F1FBA6572BE05097009C33B1 /* SimpleIOSAppUITestsLaunchTests.swift */ = {isa = PBXFileReference; lastKnownFileType = sourcecode.swift; path = SimpleIOSAppUITestsLaunchTests.swift; sourceTree = "<group>"; };
/* End PBXFileReference section */

/* Begin PBXFrameworksBuildPhase section */
		F1FBA6342BE05096009C33B1 /* Frameworks */ = {
			isa = PBXFrameworksBuildPhase;
			buildActionMask = 2147483647;
			files = (
			);
			runOnlyForDeploymentPostprocessing = 0;
		};
		F1FBA6442BE05097009C33B1 /* Frameworks */ = {
			isa = PBXFrameworksBuildPhase;
			buildActionMask = 2147483647;
			files = (
			);
			runOnlyForDeploymentPostprocessing = 0;
		};
		F1FBA64E2BE05097009C33B1 /* Frameworks */ = {
			isa = PBXFrameworksBuildPhase;
			buildActionMask = 2147483647;
			files = (
			);
			runOnlyForDeploymentPostprocessing = 0;
		};
/* End PBXFrameworksBuildPhase section */

/* Begin PBXGroup section */
		F1FBA62E2BE05096009C33B1 = {
			isa = PBXGroup;
			children = (
				F1FBA6392BE05096009C33B1 /* SimpleIOSApp */,
				F1FBA64A2BE05097009C33B1 /* SimpleIOSAppTests */,
				F1FBA6542BE05097009C33B1 /* SimpleIOSAppUITests */,
				F1FBA6382BE05096009C33B1 /* Products */,
			);
			sourceTree = "<group>";
		};
		F1FBA6382BE05096009C33B1 /* Products */ = {
			isa = PBXGroup;
			children = (
				F1FBA6372BE05096009C33B1 /* SimpleIOSApp.app */,
				F1FBA6472BE05097009C33B1 /* SimpleIOSAppTests.xctest */,
				F1FBA6512BE05097009C33B1 /* SimpleIOSAppUITests.xctest */,
			);
			name = Products;
			sourceTree = "<group>";
		};
		F1FBA6392BE05096009C33B1 /* SimpleIOSApp */ = {
			isa = PBXGroup;
			children = (
				F1FBA63A2BE05096009C33B1 /* SimpleIOSAppApp.swift */,
				F1FBA63C2BE05096009C33B1 /* ContentView.swift */,
				F1FBA63E2BE05097009C33B1 /* Assets.xcassets */,
				F1FBA6402BE05097009C33B1 /* Preview Content */,
			);
			path = SimpleIOSApp;
			sourceTree = "<group>";
		};
		F1FBA6402BE05097009C33B1 /* Preview Content */ = {
			isa = PBXGroup;
			children = (
				F1FBA6412BE05097009C33B1 /* Preview Assets.xcassets */,
			);
			path = "Preview Content";
			sourceTree = "<group>";
		};
		F1FBA64A2BE05097009C33B1 /* SimpleIOSAppTests */ = {
			isa = PBXGroup;
			children = (
				F1FBA64B2BE05097009C33B1 /* SimpleIOSAppTests.swift */,
			);
			path = SimpleIOSAppTests;
			sourceTree = "<group>";
		};
		F1FBA6542BE05097009C33B1 /* SimpleIOSAppUITests */ = {
			isa = PBXGroup;
			children = (
				F1FBA6552BE05097009C33B1 /* SimpleIOSAppUITests.swift */,
				F1FBA6572BE05097009C33B1 /* SimpleIOSAppUITestsLaunchTests.swift */,
			);
			path = SimpleIOSAppUITests;
			sourceTree = "<group>";
		};
/* End PBXGroup section */

/* Begin PBXNativeTarget section */
		F1FBA6362BE05096009C33B1 /* SimpleIOSApp */ = {
			isa = PBXNativeTarget;
			buildConfigurationList = F1FBA65B2BE05097009C33B1 /* Build configuration list for PBXNativeTarget "SimpleIOSApp" */;
			buildPhases = (
				F1FBA6332BE05096009C33B1 /* Sources */,
				F1FBA6342BE05096009C33B1 /* Frameworks */,
				F1FBA6352BE05096009C33B1 /* Resources */,
			);
			buildRules = (
			);
			dependencies = (
			);
			name = SimpleIOSApp;
			productName = SimpleIOSApp;
			productReference = F1FBA6372BE05096009C33B1 /* SimpleIOSApp.app */;
			productType = "com.apple.product-type.application";
		};
		F1FBA6462BE05097009C33B1 /* SimpleIOSAppTests */ = {
			isa = PBXNativeTarget;
			buildConfigurationList = F1FBA65E2BE05097009C33B1 /* Build configuration list for PBXNativeTarget "SimpleIOSAppTests" */;
			buildPhases = (
				F1FBA6432BE05097009C33B1 /* Sources */,
				F1FBA6442BE05097009C33B1 /* Frameworks */,
				F1FBA6452BE05097009C33B1 /* Resources */,
			);
			buildRules = (
			);
			dependencies = (
				F1FBA6492BE05097009C33B1 /* PBXTargetDependency */,
			);
			name = SimpleIOSAppTests;
			productName = SimpleIOSAppTests;
			productReference = F1FBA6472BE05097009C33B1 /* SimpleIOSAppTests.xctest */;
			productType = "com.apple.product-type.bundle.unit-test";
		};
		F1FBA6502BE05097009C33B1 /* SimpleIOSAppUITests */ = {
			isa = PBXNativeTarget;
			buildConfigurationList = F1FBA6612BE05097009C33B1 /* Build configuration list for PBXNativeTarget "SimpleIOSAppUITests" */;
			buildPhases = (
				F1FBA64D2BE05097009C33B1 /* Sources */,
				F1FBA64E2BE05097009C33B1 /* Frameworks */,
				F1FBA64F2BE05097009C33B1 /* Resources */,
			);
			buildRules = (
			);
			dependencies = (
				F1FBA6532BE05097009C33B1 /* PBXTargetDependency */,
			);
			name = SimpleIOSAppUITests;
			productName = SimpleIOSAppUITests;
			productReference = F1FBA6512BE05097009C33B1 /* SimpleIOSAppUITests.xctest */;
			productType = "com.apple.product-type.bundle.ui-testing";
		};
/* End PBXNativeTarget section */

/* Begin PBXProject section */
		F1FBA62F2BE05096009C33B1 /* Project object */ = {
			isa = PBXProject;
			attributes = {
				BuildIndependentTargetsInParallel = 1;
				LastSwiftUpdateCheck = 1530;
				LastUpgradeCheck = 1530;
				TargetAttributes = {
					F1FBA6362BE05096009C33B1 = {
						CreatedOnToolsVersion = 15.3;
					};
					F1FBA6462BE05097009C33B1 = {
						CreatedOnToolsVersion = 15.3;
						TestTargetID = F1FBA6362BE05096009C33B1;
					};
					F1FBA6502BE05097009C33B1 = {
						CreatedOnToolsVersion = 15.3;
						TestTargetID = F1FBA6362BE05096009C33B1;
					};
				};
			};
			buildConfigurationList = F1FBA6322BE05096009C33B1 /* Build configuration list for PBXProject "SimpleIOSApp" */;
			compatibilityVersion = "Xcode 14.0";
			developmentRegion = en;
			hasScannedForEncodings = 0;
			knownRegions = (
				en,
				Base,
			);
			mainGroup = F1FBA62E2BE05096009C33B1;
			productRefGroup = F1FBA6382BE05096009C33B1 /* Products */;
			projectDirPath = "";
			projectRoot = "";
			targets = (
				F1FBA6362BE05096009C33B1 /* SimpleIOSApp */,
				F1FBA6462BE05097009C33B1 /* SimpleIOSAppTests */,
				F1FBA6502BE05097009C33B1 /* SimpleIOSAppUITests */,
			);
		};
/* End PBXProject section */

/* Begin PBXResourcesBuildPhase section */
		F1FBA6352BE05096009C33B1 /* Resources */ = {
			isa = PBXResourcesBuildPhase;
			buildActionMask = 2147483647;
			files = (
				F1FBA6422BE05097009C33B1 /* Preview Assets.xcassets in Resources */,
				F1FBA63F2BE05097009C33B1 /* Assets.xcassets in Resources */,
			);
			runOnlyForDeploymentPostprocessing = 0;
		};
		F1FBA6452BE05097009C33B1 /* Resources */ = {
			isa = PBXResourcesBuildPhase;
			buildActionMask = 2147483647;
			files = (
			);
			runOnlyForDeploymentPostprocessing = 0;
		};
		F1FBA64F2BE05097009C33B1 /* Resources */ = {
			isa = PBXResourcesBuildPhase;
			buildActionMask = 2147483647;
			files = (
			);
			runOnlyForDeploymentPostprocessing = 0;
		};
/* End PBXResourcesBuildPhase section */

/* Begin PBXSourcesBuildPhase section */
		F1FBA6332BE05096009C33B1 /* Sources */ = {
			isa = PBXSourcesBuildPhase;
			buildActionMask = 2147483647;
			files = (
				F1FBA63D2BE05096009C33B1 /* ContentView.swift in Sources */,
				F1FBA63B2BE05096009C33B1 /* SimpleIOSAppApp.swift in Sources */,
			);
			runOnlyForDeploymentPostprocessing = 0;
		};
		F1FBA6432BE05097009C33B1 /* Sources */ = {
			isa = PBXSourcesBuildPhase;
			buildActionMask = 2147483647;
			files = (
				F1FBA64C2BE05097009C33B1 /* SimpleIOSAppTests.swift in Sources */,
			);
			runOnlyForDeploymentPostprocessing = 0;
		};
		F1FBA64D2BE05097009C33B1 /* Sources */ = {
			isa = PBXSourcesBuildPhase;
			buildActionMask = 2147483647;
			files = (
				F1FBA6582BE05097009C33B1 /* SimpleIOSAppUITestsLaunchTests.swift in Sources */,
				F1FBA6562BE05097009C33B1 /* SimpleIOSAppUITests.swift in Sources */,
			);
			runOnlyForDeploymentPostprocessing = 0;
		};
/* End PBXSourcesBuildPhase section */

/* Begin PBXTargetDependency section */
		F1FBA6492BE05097009C33B1 /* PBXTargetDependency */ = {
			isa = PBXTargetDependency;
			target = F1FBA6362BE05096009C33B1 /* SimpleIOSApp */;
			targetProxy = F1FBA6482BE05097009C33B1 /* PBXContainerItemProxy */;
		};
		F1FBA6532BE05097009C33B1 /* PBXTargetDependency */ = {
			isa = PBXTargetDependency;
			target = F1FBA6362BE05096009C33B1 /* SimpleIOSApp */;
			targetProxy = F1FBA6522BE05097009C33B1 /* PBXContainerItemProxy */;
		};
/* End PBXTargetDependency section */

/* Begin XCBuildConfiguration section */
		F1FBA6592BE05097009C33B1 /* Debug */ = {
			isa = XCBuildConfiguration;
			buildSettings = {
				ALWAYS_SEARCH_USER_PATHS = NO;
				ASSETCATALOG_COMPILER_GENERATE_SWIFT_ASSET_SYMBOL_EXTENSIONS = YES;
				CLANG_ANALYZER_NONNULL = YES;
				CLANG_ANALYZER_NUMBER_OBJECT_CONVERSION = YES_AGGRESSIVE;
				CLANG_CXX_LANGUAGE_STANDARD = "gnu++20";
				CLANG_ENABLE_MODULES = YES;
				CLANG_ENABLE_OBJC_ARC = YES;
				CLANG_ENABLE_OBJC_WEAK = YES;
				CLANG_WARN_BLOCK_CAPTURE_AUTORELEASING = YES;
				CLANG_WARN_BOOL_CONVERSION = YES;
				CLANG_WARN_COMMA = YES;
				CLANG_WARN_CONSTANT_CONVERSION = YES;
				CLANG_WARN_DEPRECATED_OBJC_IMPLEMENTATIONS = YES;
				CLANG_WARN_DIRECT_OBJC_ISA_USAGE = YES_ERROR;
				CLANG_WARN_DOCUMENTATION_COMMENTS = YES;
				CLANG_WARN_EMPTY_BODY = YES;
				CLANG_WARN_ENUM_CONVERSION = YES;
				CLANG_WARN_INFINITE_RECURSION = YES;
				CLANG_WARN_INT_CONVERSION = YES;
				CLANG_WARN_NON_LITERAL_NULL_CONVERSION = YES;
				CLANG_WARN_OBJC_IMPLICIT_RETAIN_SELF = YES;
				CLANG_WARN_OBJC_LITERAL_CONVERSION = YES;
				CLANG_WARN_OBJC_ROOT_CLASS = YES_ERROR;
				CLANG_WARN_QUOTED_INCLUDE_IN_FRAMEWORK_HEADER = YES;
				CLANG_WARN_RANGE_LOOP_ANALYSIS = YES;
				CLANG_WARN_STRICT_PROTOTYPES = YES;
				CLANG_WARN_SUSPICIOUS_MOVE = YES;
				CLANG_WARN_UNGUARDED_AVAILABILITY = YES_AGGRESSIVE;
				CLANG_WARN_UNREACHABLE_CODE = YES;
				CLANG_WARN__DUPLICATE_METHOD_MATCH = YES;
				COPY_PHASE_STRIP = NO;
				DEBUG_INFORMATION_FORMAT = dwarf;
				ENABLE_STRICT_OBJC_MSGSEND = YES;
				ENABLE_TESTABILITY = YES;
				ENABLE_USER_SCRIPT_SANDBOXING = YES;
				GCC_C_LANGUAGE_STANDARD = gnu17;
				GCC_DYNAMIC_NO_PIC = NO;
				GCC_NO_COMMON_BLOCKS = YES;
				GCC_OPTIMIZATION_LEVEL = 0;
				GCC_PREPROCESSOR_DEFINITIONS = (
					"DEBUG=1",
					"$(inherited)",
				);
				GCC_WARN_64_TO_32_BIT_CONVERSION = YES;
				GCC_WARN_ABOUT_RETURN_TYPE = YES_ERROR;
				GCC_WARN_UNDECLARED_SELECTOR = YES;
				GCC_WARN_UNINITIALIZED_AUTOS = YES_AGGRESSIVE;
				GCC_WARN_UNUSED_FUNCTION = YES;
				GCC_WARN_UNUSED_VARIABLE = YES;
				IPHONEOS_DEPLOYMENT_TARGET = 17.4;
				LOCALIZATION_PREFERS_STRING_CATALOGS = YES;
				MTL_ENABLE_DEBUG_INFO = INCLUDE_SOURCE;
				MTL_FAST_MATH = YES;
				ONLY_ACTIVE_ARCH = YES;
				SDKROOT = iphoneos;
				SWIFT_ACTIVE_COMPILATION_CONDITIONS = "DEBUG $(inherited)";
				SWIFT_OPTIMIZATION_LEVEL = "-Onone";
			};
			name = Debug;
		};
		F1FBA65A2BE05097009C33B1 /* Release */ = {
			isa = XCBuildConfiguration;
			buildSettings = {
				ALWAYS_SEARCH_USER_PATHS = NO;
				ASSETCATALOG_COMPILER_GENERATE_SWIFT_ASSET_SYMBOL_EXTENSIONS = YES;
				CLANG_ANALYZER_NONNULL = YES;
				CLANG_ANALYZER_NUMBER_OBJECT_CONVERSION = YES_AGGRESSIVE;
				CLANG_CXX_LANGUAGE_STANDARD = "gnu++20";
				CLANG_ENABLE_MODULES = YES;
				CLANG_ENABLE_OBJC_ARC = YES;
				CLANG_ENABLE_OBJC_WEAK = YES;
				CLANG_WARN_BLOCK_CAPTURE_AUTORELEASING = YES;
				CLANG_WARN_BOOL_CONVERSION = YES;
				CLANG_WARN_COMMA = YES;
				CLANG_WARN_CONSTANT_CONVERSION = YES;
				CLANG_WARN_DEPRECATED_OBJC_IMPLEMENTATIONS = YES;
				CLANG_WARN_DIRECT_OBJC_ISA_USAGE = YES_ERROR;
				CLANG_WARN_DOCUMENTATION_COMMENTS = YES;
				CLANG_WARN_EMPTY_BODY = YES;
				CLANG_WARN_ENUM_CONVERSION = YES;
				CLANG_WARN_INFINITE_RECURSION = YES;
				CLANG_WARN_INT_CONVERSION = YES;
				CLANG_WARN_NON_LITERAL_NULL_CONVERSION = YES;
				CLANG_WARN_OBJC_IMPLICIT_RETAIN_SELF = YES;
				CLANG_WARN_OBJC_LITERAL_CONVERSION = YES;
				CLANG_WARN_OBJC_ROOT_CLASS = YES_ERROR;
				CLANG_WARN_QUOTED_INCLUDE_IN_FRAMEWORK_HEADER = YES;
				CLANG_WARN_RANGE_LOOP_ANALYSIS = YES;
				CLANG_WARN_STRICT_PROTOTYPES = YES;
				CLANG_WARN_SUSPICIOUS_MOVE = YES;
				CLANG_WARN_UNGUARDED_AVAILABILITY = YES_AGGRESSIVE;
				CLANG_WARN_UNREACHABLE_CODE = YES;
				CLANG_WARN__DUPLICATE_METHOD_MATCH = YES;
				COPY_PHASE_STRIP = NO;
				DEBUG_INFORMATION_FORMAT = "dwarf-with-dsym";
				ENABLE_NS_ASSERTIONS = NO;
				ENABLE_STRICT_OBJC_MSGSEND = YES;
				ENABLE_USER_SCRIPT_SANDBOXING = YES;
				GCC_C_LANGUAGE_STANDARD = gnu17;
				GCC_NO_COMMON_BLOCKS = YES;
				GCC_WARN_64_TO_32_BIT_CONVERSION = YES;
				GCC_WARN_ABOUT_RETURN_TYPE = YES_ERROR;
				GCC_WARN_UNDECLARED_SELECTOR = YES;
				GCC_WARN_UNINITIALIZED_AUTOS = YES_AGGRESSIVE;
				GCC_WARN_UNUSED_FUNCTION = YES;
				GCC_WARN_UNUSED_VARIABLE = YES;
				IPHONEOS_DEPLOYMENT_TARGET = 17.4;
				LOCALIZATION_PREFERS_STRING_CATALOGS = YES;
				MTL_ENABLE_DEBUG_INFO = NO;
				MTL_FAST_MATH = YES;
				SDKROOT = iphoneos;
				SWIFT_COMPILATION_MODE = wholemodule;
				VALIDATE_PRODUCT = YES;
			};
			name = Release;
		};
		F1FBA65C2BE05097009C33B1 /* Debug */ = {
			isa = XCBuildConfiguration;
			buildSettings = {
				ASSETCATALOG_COMPILER_APPICON_NAME = AppIcon;
				ASSETCATALOG_COMPILER_GLOBAL_ACCENT_COLOR_NAME = AccentColor;
				CODE_SIGN_STYLE = Automatic;
				CURRENT_PROJECT_VERSION = 1;
				DEVELOPMENT_ASSET_PATHS = "\"SimpleIOSApp/Preview Content\"";
				ENABLE_PREVIEWS = YES;
				GENERATE_INFOPLIST_FILE = YES;
				INFOPLIST_KEY_UIApplicationSceneManifest_Generation = YES;
				INFOPLIST_KEY_UIApplicationSupportsIndirectInputEvents = YES;
				INFOPLIST_KEY_UILaunchScreen_Generation = YES;
				INFOPLIST_KEY_UISupportedInterfaceOrientations_iPad = "UIInterfaceOrientationPortrait UIInterfaceOrientationPortraitUpsideDown UIInterfaceOrientationLandscapeLeft UIInterfaceOrientationLandscapeRight";
				INFOPLIST_KEY_UISupportedInterfaceOrientations_iPhone = "UIInterfaceOrientationPortrait UIInterfaceOrientationLandscapeLeft UIInterfaceOrientationLandscapeRight";
				LD_RUNPATH_SEARCH_PATHS = (
					"$(inherited)",
					"@executable_path/Frameworks",
				);
				MARKETING_VERSION = 1.0;
				PRODUCT_BUNDLE_IDENTIFIER = test.SimpleIOSApp;
				PRODUCT_NAME = "$(TARGET_NAME)";
				SWIFT_EMIT_LOC_STRINGS = YES;
				SWIFT_VERSION = 5.0;
				TARGETED_DEVICE_FAMILY = "1,2";
			};
			name = Debug;
		};
		F1FBA65D2BE05097009C33B1 /* Release */ = {
			isa = XCBuildConfiguration;
			buildSettings = {
				ASSETCATALOG_COMPILER_APPICON_NAME = AppIcon;
				ASSETCATALOG_COMPILER_GLOBAL_ACCENT_COLOR_NAME = AccentColor;
				CODE_SIGN_STYLE = Automatic;
				CURRENT_PROJECT_VERSION = 1;
				DEVELOPMENT_ASSET_PATHS = "\"SimpleIOSApp/Preview Content\"";
				ENABLE_PREVIEWS = YES;
				GENERATE_INFOPLIST_FILE = YES;
				INFOPLIST_KEY_UIApplicationSceneManifest_Generation = YES;
				INFOPLIST_KEY_UIApplicationSupportsIndirectInputEvents = YES;
				INFOPLIST_KEY_UILaunchScreen_Generation = YES;
				INFOPLIST_KEY_UISupportedInterfaceOrientations_iPad = "UIInterfaceOrientationPortrait UIInterfaceOrientationPortraitUpsideDown UIInterfaceOrientationLandscapeLeft UIInterfaceOrientationLandscapeRight";
				INFOPLIST_KEY_UISupportedInterfaceOrientations_iPhone = "UIInterfaceOrientationPortrait UIInterfaceOrientationLandscapeLeft UIInterfaceOrientationLandscapeRight";
				LD_RUNPATH_SEARCH_PATHS = (
					"$(inherited)",
					"@executable_path/Frameworks",
				);
				MARKETING_VERSION = 1.0;
				PRODUCT_BUNDLE_IDENTIFIER = test.SimpleIOSApp;
				PRODUCT_NAME = "$(TARGET_NAME)";
				SWIFT_EMIT_LOC_STRINGS = YES;
				SWIFT_VERSION = 5.0;
				TARGETED_DEVICE_FAMILY = "1,2";
			};
			name = Release;
		};
		F1FBA65F2BE05097009C33B1 /* Debug */ = {
			isa = XCBuildConfiguration;
			buildSettings = {
				ALWAYS_EMBED_SWIFT_STANDARD_LIBRARIES = YES;
				BUNDLE_LOADER = "$(TEST_HOST)";
				CODE_SIGN_STYLE = Automatic;
				CURRENT_PROJECT_VERSION = 1;
				GENERATE_INFOPLIST_FILE = YES;
				IPHONEOS_DEPLOYMENT_TARGET = 17.4;
				MARKETING_VERSION = 1.0;
				PRODUCT_BUNDLE_IDENTIFIER = test.SimpleIOSAppTests;
				PRODUCT_NAME = "$(TARGET_NAME)";
				SWIFT_EMIT_LOC_STRINGS = NO;
				SWIFT_VERSION = 5.0;
				TARGETED_DEVICE_FAMILY = "1,2";
				TEST_HOST = "$(BUILT_PRODUCTS_DIR)/SimpleIOSApp.app/$(BUNDLE_EXECUTABLE_FOLDER_PATH)/SimpleIOSApp";
			};
			name = Debug;
		};
		F1FBA6602BE05097009C33B1 /* Release */ = {
			isa = XCBuildConfiguration;
			buildSettings = {
				ALWAYS_EMBED_SWIFT_STANDARD_LIBRARIES = YES;
				BUNDLE_LOADER = "$(TEST_HOST)";
				CODE_SIGN_STYLE = Automatic;
				CURRENT_PROJECT_VERSION = 1;
				GENERATE_INFOPLIST_FILE = YES;
				IPHONEOS_DEPLOYMENT_TARGET = 17.4;
				MARKETING_VERSION = 1.0;
				PRODUCT_BUNDLE_IDENTIFIER = test.SimpleIOSAppTests;
				PRODUCT_NAME = "$(TARGET_NAME)";
				SWIFT_EMIT_LOC_STRINGS = NO;
				SWIFT_VERSION = 5.0;
				TARGETED_DEVICE_FAMILY = "1,2";
				TEST_HOST = "$(BUILT_PRODUCTS_DIR)/SimpleIOSApp.app/$(BUNDLE_EXECUTABLE_FOLDER_PATH)/SimpleIOSApp";
			};
			name = Release;
		};
		F1FBA6622BE05097009C33B1 /* Debug */ = {
			isa = XCBuildConfiguration;
			buildSettings = {
				ALWAYS_EMBED_SWIFT_STANDARD_LIBRARIES = YES;
				CODE_SIGN_STYLE = Automatic;
				CURRENT_PROJECT_VERSION = 1;
				GENERATE_INFOPLIST_FILE = YES;
				MARKETING_VERSION = 1.0;
				PRODUCT_BUNDLE_IDENTIFIER = test.SimpleIOSAppUITests;
				PRODUCT_NAME = "$(TARGET_NAME)";
				SWIFT_EMIT_LOC_STRINGS = NO;
				SWIFT_VERSION = 5.0;
				TARGETED_DEVICE_FAMILY = "1,2";
				TEST_TARGET_NAME = SimpleIOSApp;
			};
			name = Debug;
		};
		F1FBA6632BE05097009C33B1 /* Release */ = {
			isa = XCBuildConfiguration;
			buildSettings = {
				ALWAYS_EMBED_SWIFT_STANDARD_LIBRARIES = YES;
				CODE_SIGN_STYLE = Automatic;
				CURRENT_PROJECT_VERSION = 1;
				GENERATE_INFOPLIST_FILE = YES;
				MARKETING_VERSION = 1.0;
				PRODUCT_BUNDLE_IDENTIFIER = test.SimpleIOSAppUITests;
				PRODUCT_NAME = "$(TARGET_NAME)";
				SWIFT_EMIT_LOC_STRINGS = NO;
				SWIFT_VERSION = 5.0;
				TARGETED_DEVICE_FAMILY = "1,2";
				TEST_TARGET_NAME = SimpleIOSApp;
			};
			name = Release;
		};
/* End XCBuildConfiguration section */

/* Begin XCConfigurationList section */
		F1FBA6322BE05096009C33B1 /* Build configuration list for PBXProject "SimpleIOSApp" */ = {
			isa = XCConfigurationList;
			buildConfigurations = (
				F1FBA6592BE05097009C33B1 /* Debug */,
				F1FBA65A2BE05097009C33B1 /* Release */,
			);
			defaultConfigurationIsVisible = 0;
			defaultConfigurationName = Release;
		};
		F1FBA65B2BE05097009C33B1 /* Build configuration list for PBXNativeTarget "SimpleIOSApp" */ = {
			isa = XCConfigurationList;
			buildConfigurations = (
				F1FBA65C2BE05097009C33B1 /* Debug */,
				F1FBA65D2BE05097009C33B1 /* Release */,
			);
			defaultConfigurationIsVisible = 0;
			defaultConfigurationName = Release;
		};
		F1FBA65E2BE05097009C33B1 /* Build configuration list for PBXNativeTarget "SimpleIOSAppTests" */ = {
			isa = XCConfigurationList;
			buildConfigurations = (
				F1FBA65F2BE05097009C33B1 /* Debug */,
				F1FBA6602BE05097009C33B1 /* Release */,
			);
			defaultConfigurationIsVisible = 0;
			defaultConfigurationName = Release;
		};
		F1FBA6612BE05097009C33B1 /* Build configuration list for PBXNativeTarget "SimpleIOSAppUITests" */ = {
			isa = XCConfigurationList;
			buildConfigurations = (
				F1FBA6622BE05097009C33B1 /* Debug */,
				F1FBA6632BE05097009C33B1 /* Release */,
			);
			defaultConfigurationIsVisible = 0;
			defaultConfigurationName = Release;
		};
/* End XCConfigurationList section */
	};
	rootObject = F1FBA62F2BE05096009C33B1 /* Project object */;
}
